
Microsoft Visual Studio Solution File, Format Version 12.00
# Visual Studio Version 16
VisualStudioVersion = 16.0.31205.134
MinimumVisualStudioVersion = 10.0.40219.1
Project("{8BC9CEB8-8B4A-11D0-8D11-00A0C91BC942}") = "2309", "baekjoon\baekjoon.vcxproj", "{294F0D21-2434-47B9-8D42-347147A3BC43}"
EndProject
Project("{8BC9CEB8-8B4A-11D0-8D11-00A0C91BC942}") = "2588", "2588\2588.vcxproj", "{EDAAF9E5-60EB-401C-96DC-E390BC5A8E1D}"
EndProject
Project("{8BC9CEB8-8B4A-11D0-8D11-00A0C91BC942}") = "10818", "10818\10818.vcxproj", "{E4EAA68E-26AC-4C1A-BEEE-5736DC34D698}"
EndProject
Project("{8BC9CEB8-8B4A-11D0-8D11-00A0C91BC942}") = "2562", "2562\2562.vcxproj", "{ADC912E4-C623-4D98-B2B7-0067856F06B2}"
EndProject
Project("{8BC9CEB8-8B4A-11D0-8D11-00A0C91BC942}") = "2577", "2577\2577.vcxproj", "{3A0111CB-1E38-41EB-B185-856B6F68EF56}"
EndProject
Project("{8BC9CEB8-8B4A-11D0-8D11-00A0C91BC942}") = "1012", "1012\1012.vcxproj", "{2D2891DB-523A-4420-9755-D25D1AF47451}"
EndProject
Project("{8BC9CEB8-8B4A-11D0-8D11-00A0C91BC942}") = "1012copy", "1012copy\1012copy.vcxproj", "{56F175C2-9117-41C3-8894-16C38DE4BAE0}"
EndProject
Project("{8BC9CEB8-8B4A-11D0-8D11-00A0C91BC942}") = "2750", "2750\2750.vcxproj", "{9C6A77B1-DF57-4AC9-8BE1-344662F8569D}"
EndProject
Project("{8BC9CEB8-8B4A-11D0-8D11-00A0C91BC942}") = "2750copy", "2750copy\2750copy.vcxproj", "{5E69A059-0E68-4DDC-A1D4-D8E1C9E2CABF}"
EndProject
Project("{8BC9CEB8-8B4A-11D0-8D11-00A0C91BC942}") = "2751", "2751\2751.vcxproj", "{EE9CC0CE-B026-43AA-9B5D-93B8268043AE}"
EndProject
Project("{8BC9CEB8-8B4A-11D0-8D11-00A0C91BC942}") = "2751copy", "2751copy\2751copy.vcxproj", "{F66F6A1B-28CC-4F65-AC1E-901D775ABC36}"
EndProject
Project("{8BC9CEB8-8B4A-11D0-8D11-00A0C91BC942}") = "7568", "7568\7568.vcxproj", "{933098AA-B204-4B45-9093-620318E8E15F}"
EndProject
Project("{8BC9CEB8-8B4A-11D0-8D11-00A0C91BC942}") = "14501", "14501\14501.vcxproj", "{E6F47183-100A-4CBB-AE91-20526F0A7619}"
EndProject
Project("{8BC9CEB8-8B4A-11D0-8D11-00A0C91BC942}") = "9663", "9663\9663.vcxproj", "{181DA9DE-AA5A-49DC-9558-8987AE17EA98}"
EndProject
Project("{8BC9CEB8-8B4A-11D0-8D11-00A0C91BC942}") = "11098", "11098\11098.vcxproj", "{A2317BAD-40E5-4A82-86A2-089717AC9BB1}"
EndProject
Global
	GlobalSection(SolutionConfigurationPlatforms) = preSolution
		Debug|x64 = Debug|x64
		Debug|x86 = Debug|x86
		Release|x64 = Release|x64
		Release|x86 = Release|x86
	EndGlobalSection
	GlobalSection(ProjectConfigurationPlatforms) = postSolution
		{294F0D21-2434-47B9-8D42-347147A3BC43}.Debug|x64.ActiveCfg = Debug|x64
		{294F0D21-2434-47B9-8D42-347147A3BC43}.Debug|x64.Build.0 = Debug|x64
		{294F0D21-2434-47B9-8D42-347147A3BC43}.Debug|x86.ActiveCfg = Debug|Win32
		{294F0D21-2434-47B9-8D42-347147A3BC43}.Debug|x86.Build.0 = Debug|Win32
		{294F0D21-2434-47B9-8D42-347147A3BC43}.Release|x64.ActiveCfg = Release|x64
		{294F0D21-2434-47B9-8D42-347147A3BC43}.Release|x64.Build.0 = Release|x64
		{294F0D21-2434-47B9-8D42-347147A3BC43}.Release|x86.ActiveCfg = Release|Win32
		{294F0D21-2434-47B9-8D42-347147A3BC43}.Release|x86.Build.0 = Release|Win32
		{EDAAF9E5-60EB-401C-96DC-E390BC5A8E1D}.Debug|x64.ActiveCfg = Debug|x64
		{EDAAF9E5-60EB-401C-96DC-E390BC5A8E1D}.Debug|x64.Build.0 = Debug|x64
		{EDAAF9E5-60EB-401C-96DC-E390BC5A8E1D}.Debug|x86.ActiveCfg = Debug|Win32
		{EDAAF9E5-60EB-401C-96DC-E390BC5A8E1D}.Debug|x86.Build.0 = Debug|Win32
		{EDAAF9E5-60EB-401C-96DC-E390BC5A8E1D}.Release|x64.ActiveCfg = Release|x64
		{EDAAF9E5-60EB-401C-96DC-E390BC5A8E1D}.Release|x64.Build.0 = Release|x64
		{EDAAF9E5-60EB-401C-96DC-E390BC5A8E1D}.Release|x86.ActiveCfg = Release|Win32
		{EDAAF9E5-60EB-401C-96DC-E390BC5A8E1D}.Release|x86.Build.0 = Release|Win32
		{E4EAA68E-26AC-4C1A-BEEE-5736DC34D698}.Debug|x64.ActiveCfg = Debug|x64
		{E4EAA68E-26AC-4C1A-BEEE-5736DC34D698}.Debug|x64.Build.0 = Debug|x64
		{E4EAA68E-26AC-4C1A-BEEE-5736DC34D698}.Debug|x86.ActiveCfg = Debug|Win32
		{E4EAA68E-26AC-4C1A-BEEE-5736DC34D698}.Debug|x86.Build.0 = Debug|Win32
		{E4EAA68E-26AC-4C1A-BEEE-5736DC34D698}.Release|x64.ActiveCfg = Release|x64
		{E4EAA68E-26AC-4C1A-BEEE-5736DC34D698}.Release|x64.Build.0 = Release|x64
		{E4EAA68E-26AC-4C1A-BEEE-5736DC34D698}.Release|x86.ActiveCfg = Release|Win32
		{E4EAA68E-26AC-4C1A-BEEE-5736DC34D698}.Release|x86.Build.0 = Release|Win32
		{ADC912E4-C623-4D98-B2B7-0067856F06B2}.Debug|x64.ActiveCfg = Debug|x64
		{ADC912E4-C623-4D98-B2B7-0067856F06B2}.Debug|x64.Build.0 = Debug|x64
		{ADC912E4-C623-4D98-B2B7-0067856F06B2}.Debug|x86.ActiveCfg = Debug|Win32
		{ADC912E4-C623-4D98-B2B7-0067856F06B2}.Debug|x86.Build.0 = Debug|Win32
		{ADC912E4-C623-4D98-B2B7-0067856F06B2}.Release|x64.ActiveCfg = Release|x64
		{ADC912E4-C623-4D98-B2B7-0067856F06B2}.Release|x64.Build.0 = Release|x64
		{ADC912E4-C623-4D98-B2B7-0067856F06B2}.Release|x86.ActiveCfg = Release|Win32
		{ADC912E4-C623-4D98-B2B7-0067856F06B2}.Release|x86.Build.0 = Release|Win32
		{3A0111CB-1E38-41EB-B185-856B6F68EF56}.Debug|x64.ActiveCfg = Debug|x64
		{3A0111CB-1E38-41EB-B185-856B6F68EF56}.Debug|x64.Build.0 = Debug|x64
		{3A0111CB-1E38-41EB-B185-856B6F68EF56}.Debug|x86.ActiveCfg = Debug|Win32
		{3A0111CB-1E38-41EB-B185-856B6F68EF56}.Debug|x86.Build.0 = Debug|Win32
		{3A0111CB-1E38-41EB-B185-856B6F68EF56}.Release|x64.ActiveCfg = Release|x64
		{3A0111CB-1E38-41EB-B185-856B6F68EF56}.Release|x64.Build.0 = Release|x64
		{3A0111CB-1E38-41EB-B185-856B6F68EF56}.Release|x86.ActiveCfg = Release|Win32
		{3A0111CB-1E38-41EB-B185-856B6F68EF56}.Release|x86.Build.0 = Release|Win32
		{2D2891DB-523A-4420-9755-D25D1AF47451}.Debug|x64.ActiveCfg = Debug|x64
		{2D2891DB-523A-4420-9755-D25D1AF47451}.Debug|x64.Build.0 = Debug|x64
		{2D2891DB-523A-4420-9755-D25D1AF47451}.Debug|x86.ActiveCfg = Debug|Win32
		{2D2891DB-523A-4420-9755-D25D1AF47451}.Debug|x86.Build.0 = Debug|Win32
		{2D2891DB-523A-4420-9755-D25D1AF47451}.Release|x64.ActiveCfg = Release|x64
		{2D2891DB-523A-4420-9755-D25D1AF47451}.Release|x64.Build.0 = Release|x64
		{2D2891DB-523A-4420-9755-D25D1AF47451}.Release|x86.ActiveCfg = Release|Win32
		{2D2891DB-523A-4420-9755-D25D1AF47451}.Release|x86.Build.0 = Release|Win32
		{56F175C2-9117-41C3-8894-16C38DE4BAE0}.Debug|x64.ActiveCfg = Debug|x64
		{56F175C2-9117-41C3-8894-16C38DE4BAE0}.Debug|x64.Build.0 = Debug|x64
		{56F175C2-9117-41C3-8894-16C38DE4BAE0}.Debug|x86.ActiveCfg = Debug|Win32
		{56F175C2-9117-41C3-8894-16C38DE4BAE0}.Debug|x86.Build.0 = Debug|Win32
		{56F175C2-9117-41C3-8894-16C38DE4BAE0}.Release|x64.ActiveCfg = Release|x64
		{56F175C2-9117-41C3-8894-16C38DE4BAE0}.Release|x64.Build.0 = Release|x64
		{56F175C2-9117-41C3-8894-16C38DE4BAE0}.Release|x86.ActiveCfg = Release|Win32
		{56F175C2-9117-41C3-8894-16C38DE4BAE0}.Release|x86.Build.0 = Release|Win32
		{9C6A77B1-DF57-4AC9-8BE1-344662F8569D}.Debug|x64.ActiveCfg = Debug|x64
		{9C6A77B1-DF57-4AC9-8BE1-344662F8569D}.Debug|x64.Build.0 = Debug|x64
		{9C6A77B1-DF57-4AC9-8BE1-344662F8569D}.Debug|x86.ActiveCfg = Debug|Win32
		{9C6A77B1-DF57-4AC9-8BE1-344662F8569D}.Debug|x86.Build.0 = Debug|Win32
		{9C6A77B1-DF57-4AC9-8BE1-344662F8569D}.Release|x64.ActiveCfg = Release|x64
		{9C6A77B1-DF57-4AC9-8BE1-344662F8569D}.Release|x64.Build.0 = Release|x64
		{9C6A77B1-DF57-4AC9-8BE1-344662F8569D}.Release|x86.ActiveCfg = Release|Win32
		{9C6A77B1-DF57-4AC9-8BE1-344662F8569D}.Release|x86.Build.0 = Release|Win32
		{5E69A059-0E68-4DDC-A1D4-D8E1C9E2CABF}.Debug|x64.ActiveCfg = Debug|x64
		{5E69A059-0E68-4DDC-A1D4-D8E1C9E2CABF}.Debug|x64.Build.0 = Debug|x64
		{5E69A059-0E68-4DDC-A1D4-D8E1C9E2CABF}.Debug|x86.ActiveCfg = Debug|Win32
		{5E69A059-0E68-4DDC-A1D4-D8E1C9E2CABF}.Debug|x86.Build.0 = Debug|Win32
		{5E69A059-0E68-4DDC-A1D4-D8E1C9E2CABF}.Release|x64.ActiveCfg = Release|x64
		{5E69A059-0E68-4DDC-A1D4-D8E1C9E2CABF}.Release|x64.Build.0 = Release|x64
		{5E69A059-0E68-4DDC-A1D4-D8E1C9E2CABF}.Release|x86.ActiveCfg = Release|Win32
		{5E69A059-0E68-4DDC-A1D4-D8E1C9E2CABF}.Release|x86.Build.0 = Release|Win32
		{EE9CC0CE-B026-43AA-9B5D-93B8268043AE}.Debug|x64.ActiveCfg = Debug|x64
		{EE9CC0CE-B026-43AA-9B5D-93B8268043AE}.Debug|x64.Build.0 = Debug|x64
		{EE9CC0CE-B026-43AA-9B5D-93B8268043AE}.Debug|x86.ActiveCfg = Debug|Win32
		{EE9CC0CE-B026-43AA-9B5D-93B8268043AE}.Debug|x86.Build.0 = Debug|Win32
		{EE9CC0CE-B026-43AA-9B5D-93B8268043AE}.Release|x64.ActiveCfg = Release|x64
		{EE9CC0CE-B026-43AA-9B5D-93B8268043AE}.Release|x64.Build.0 = Release|x64
		{EE9CC0CE-B026-43AA-9B5D-93B8268043AE}.Release|x86.ActiveCfg = Release|Win32
		{EE9CC0CE-B026-43AA-9B5D-93B8268043AE}.Release|x86.Build.0 = Release|Win32
		{F66F6A1B-28CC-4F65-AC1E-901D775ABC36}.Debug|x64.ActiveCfg = Debug|x64
		{F66F6A1B-28CC-4F65-AC1E-901D775ABC36}.Debug|x64.Build.0 = Debug|x64
		{F66F6A1B-28CC-4F65-AC1E-901D775ABC36}.Debug|x86.ActiveCfg = Debug|Win32
		{F66F6A1B-28CC-4F65-AC1E-901D775ABC36}.Debug|x86.Build.0 = Debug|Win32
		{F66F6A1B-28CC-4F65-AC1E-901D775ABC36}.Release|x64.ActiveCfg = Release|x64
		{F66F6A1B-28CC-4F65-AC1E-901D775ABC36}.Release|x64.Build.0 = Release|x64
		{F66F6A1B-28CC-4F65-AC1E-901D775ABC36}.Release|x86.ActiveCfg = Release|Win32
		{F66F6A1B-28CC-4F65-AC1E-901D775ABC36}.Release|x86.Build.0 = Release|Win32
		{933098AA-B204-4B45-9093-620318E8E15F}.Debug|x64.ActiveCfg = Debug|x64
		{933098AA-B204-4B45-9093-620318E8E15F}.Debug|x64.Build.0 = Debug|x64
		{933098AA-B204-4B45-9093-620318E8E15F}.Debug|x86.ActiveCfg = Debug|Win32
		{933098AA-B204-4B45-9093-620318E8E15F}.Debug|x86.Build.0 = Debug|Win32
		{933098AA-B204-4B45-9093-620318E8E15F}.Release|x64.ActiveCfg = Release|x64
		{933098AA-B204-4B45-9093-620318E8E15F}.Release|x64.Build.0 = Release|x64
		{933098AA-B204-4B45-9093-620318E8E15F}.Release|x86.ActiveCfg = Release|Win32
		{933098AA-B204-4B45-9093-620318E8E15F}.Release|x86.Build.0 = Release|Win32
		{E6F47183-100A-4CBB-AE91-20526F0A7619}.Debug|x64.ActiveCfg = Debug|x64
		{E6F47183-100A-4CBB-AE91-20526F0A7619}.Debug|x64.Build.0 = Debug|x64
		{E6F47183-100A-4CBB-AE91-20526F0A7619}.Debug|x86.ActiveCfg = Debug|Win32
		{E6F47183-100A-4CBB-AE91-20526F0A7619}.Debug|x86.Build.0 = Debug|Win32
		{E6F47183-100A-4CBB-AE91-20526F0A7619}.Release|x64.ActiveCfg = Release|x64
		{E6F47183-100A-4CBB-AE91-20526F0A7619}.Release|x64.Build.0 = Release|x64
		{E6F47183-100A-4CBB-AE91-20526F0A7619}.Release|x86.ActiveCfg = Release|Win32
		{E6F47183-100A-4CBB-AE91-20526F0A7619}.Release|x86.Build.0 = Release|Win32
		{181DA9DE-AA5A-49DC-9558-8987AE17EA98}.Debug|x64.ActiveCfg = Debug|x64
		{181DA9DE-AA5A-49DC-9558-8987AE17EA98}.Debug|x64.Build.0 = Debug|x64
		{181DA9DE-AA5A-49DC-9558-8987AE17EA98}.Debug|x86.ActiveCfg = Debug|Win32
		{181DA9DE-AA5A-49DC-9558-8987AE17EA98}.Debug|x86.Build.0 = Debug|Win32
		{181DA9DE-AA5A-49DC-9558-8987AE17EA98}.Release|x64.ActiveCfg = Release|x64
		{181DA9DE-AA5A-49DC-9558-8987AE17EA98}.Release|x64.Build.0 = Release|x64
		{181DA9DE-AA5A-49DC-9558-8987AE17EA98}.Release|x86.ActiveCfg = Release|Win32
		{181DA9DE-AA5A-49DC-9558-8987AE17EA98}.Release|x86.Build.0 = Release|Win32
		{A2317BAD-40E5-4A82-86A2-089717AC9BB1}.Debug|x64.ActiveCfg = Debug|x64
		{A2317BAD-40E5-4A82-86A2-089717AC9BB1}.Debug|x64.Build.0 = Debug|x64
		{A2317BAD-40E5-4A82-86A2-089717AC9BB1}.Debug|x86.ActiveCfg = Debug|Win32
		{A2317BAD-40E5-4A82-86A2-089717AC9BB1}.Debug|x86.Build.0 = Debug|Win32
		{A2317BAD-40E5-4A82-86A2-089717AC9BB1}.Release|x64.ActiveCfg = Release|x64
		{A2317BAD-40E5-4A82-86A2-089717AC9BB1}.Release|x64.Build.0 = Release|x64
		{A2317BAD-40E5-4A82-86A2-089717AC9BB1}.Release|x86.ActiveCfg = Release|Win32
		{A2317BAD-40E5-4A82-86A2-089717AC9BB1}.Release|x86.Build.0 = Release|Win32
	EndGlobalSection
	GlobalSection(SolutionProperties) = preSolution
		HideSolutionNode = FALSE
	EndGlobalSection
	GlobalSection(ExtensibilityGlobals) = postSolution
		SolutionGuid = {864A3D1C-BE76-4BDD-901B-A41CF2156511}
	EndGlobalSection
EndGlobal
